{
  "name": "GitHub",
  "lockfileVersion": 3,
  "requires": true,
  "packages": {
    "": {
      "dependencies": {
        "dragselect": "^3.1.1"
      }
    },
    "node_modules/dragselect": {
      "version": "3.1.1",
      "resolved": "https://registry.npmjs.org/dragselect/-/dragselect-3.1.1.tgz",
      "integrity": "sha512-vaTAVcCSvv8xMLD9jD2Qe/Y0nEwnj1yQjyacDAd+znp97b5V0Prw+MxG6OknmjbnYWaN3vtsQVr+BUL9J838zA==",
      "license": "GPL-3.0"
    }
  }
}
